
Microsoft Visual Studio Solution File, Format Version 12.00
# Visual Studio 14
VisualStudioVersion = 14.0.23107.0
MinimumVisualStudioVersion = 10.0.40219.1
Project("{FAE04EC0-301F-11D3-BF4B-00C04F79EFBC}") = "VideoStreaming", "VideoStreaming\VideoStreaming.csproj", "{F78B141E-D8E5-467C-AE6D-2F1643EF9420}"
EndProject
Project("{FAE04EC0-301F-11D3-BF4B-00C04F79EFBC}") = "VideoStreaming.Tests", "VideoStreaming.Tests\VideoStreaming.Tests.csproj", "{A85D04DD-A15E-457E-A046-51AE9ADDF001}"
EndProject
Global
	GlobalSection(SolutionConfigurationPlatforms) = preSolution
		Debug|Any CPU = Debug|Any CPU
		Release|Any CPU = Release|Any CPU
	EndGlobalSection
	GlobalSection(ProjectConfigurationPlatforms) = postSolution
		{F78B141E-D8E5-467C-AE6D-2F1643EF9420}.Debug|Any CPU.ActiveCfg = Debug|Any CPU
		{F78B141E-D8E5-467C-AE6D-2F1643EF9420}.Debug|Any CPU.Build.0 = Debug|Any CPU
		{F78B141E-D8E5-467C-AE6D-2F1643EF9420}.Release|Any CPU.ActiveCfg = Release|Any CPU
		{F78B141E-D8E5-467C-AE6D-2F1643EF9420}.Release|Any CPU.Build.0 = Release|Any CPU
		{A85D04DD-A15E-457E-A046-51AE9ADDF001}.Debug|Any CPU.ActiveCfg = Debug|Any CPU
		{A85D04DD-A15E-457E-A046-51AE9ADDF001}.Debug|Any CPU.Build.0 = Debug|Any CPU
		{A85D04DD-A15E-457E-A046-51AE9ADDF001}.Release|Any CPU.ActiveCfg = Release|Any CPU
		{A85D04DD-A15E-457E-A046-51AE9ADDF001}.Release|Any CPU.Build.0 = Release|Any CPU
	EndGlobalSection
	GlobalSection(SolutionProperties) = preSolution
		HideSolutionNode = FALSE
	EndGlobalSection
EndGlobal
